// !$*UTF8*$!
{
	archiveVersion = 1;
	classes = {
	};
	objectVersion = 50;
	objects = {

/* Begin PBXBuildFile section */
		34358CE6EA99640559A5548C /* Pods_TikiTestTests.framework in Frameworks */ = {isa = PBXBuildFile; fileRef = 196D22E06F23EDB725CFC992 /* Pods_TikiTestTests.framework */; };
		476EED16EC0EC4ECF080F1F9 /* Pods_TikiTest.framework in Frameworks */ = {isa = PBXBuildFile; fileRef = C16DA25B5E15A0E734AF950E /* Pods_TikiTest.framework */; };
		7AA9CCB8219A6F1700A020FB /* AppDelegate.swift in Sources */ = {isa = PBXBuildFile; fileRef = 7AA9CCB7219A6F1700A020FB /* AppDelegate.swift */; };
		7AA9CCBA219A6F1700A020FB /* ViewController.swift in Sources */ = {isa = PBXBuildFile; fileRef = 7AA9CCB9219A6F1700A020FB /* ViewController.swift */; };
		7AA9CCBD219A6F1700A020FB /* Main.storyboard in Resources */ = {isa = PBXBuildFile; fileRef = 7AA9CCBB219A6F1700A020FB /* Main.storyboard */; };
		7AA9CCBF219A6F1800A020FB /* Assets.xcassets in Resources */ = {isa = PBXBuildFile; fileRef = 7AA9CCBE219A6F1800A020FB /* Assets.xcassets */; };
		7AA9CCC2219A6F1800A020FB /* LaunchScreen.storyboard in Resources */ = {isa = PBXBuildFile; fileRef = 7AA9CCC0219A6F1800A020FB /* LaunchScreen.storyboard */; };
		7AA9CCCD219A6F1800A020FB /* TikiTestTests.swift in Sources */ = {isa = PBXBuildFile; fileRef = 7AA9CCCC219A6F1800A020FB /* TikiTestTests.swift */; };
		7AA9CCD8219A6F1800A020FB /* TikiTestUITests.swift in Sources */ = {isa = PBXBuildFile; fileRef = 7AA9CCD7219A6F1800A020FB /* TikiTestUITests.swift */; };
		ADC1250CDF03BB8B9D0F2151 /* Pods_TikiTestUITests.framework in Frameworks */ = {isa = PBXBuildFile; fileRef = F7DA6C7F336E1FF14F2E3DBF /* Pods_TikiTestUITests.framework */; };
/* End PBXBuildFile section */

/* Begin PBXContainerItemProxy section */
		7AA9CCC9219A6F1800A020FB /* PBXContainerItemProxy */ = {
			isa = PBXContainerItemProxy;
			containerPortal = 7AA9CCAC219A6F1700A020FB /* Project object */;
			proxyType = 1;
			remoteGlobalIDString = 7AA9CCB3219A6F1700A020FB;
			remoteInfo = TikiTest;
		};
		7AA9CCD4219A6F1800A020FB /* PBXContainerItemProxy */ = {
			isa = PBXContainerItemProxy;
			containerPortal = 7AA9CCAC219A6F1700A020FB /* Project object */;
			proxyType = 1;
			remoteGlobalIDString = 7AA9CCB3219A6F1700A020FB;
			remoteInfo = TikiTest;
		};
/* End PBXContainerItemProxy section */

/* Begin PBXFileReference section */
		196D22E06F23EDB725CFC992 /* Pods_TikiTestTests.framework */ = {isa = PBXFileReference; explicitFileType = wrapper.framework; includeInIndex = 0; path = Pods_TikiTestTests.framework; sourceTree = BUILT_PRODUCTS_DIR; };
		52E50FD37251988921447C8A /* Pods-TikiTestTests.release.xcconfig */ = {isa = PBXFileReference; includeInIndex = 1; lastKnownFileType = text.xcconfig; name = "Pods-TikiTestTests.release.xcconfig"; path = "Pods/Target Support Files/Pods-TikiTestTests/Pods-TikiTestTests.release.xcconfig"; sourceTree = "<group>"; };
		7A06E456835C85B558CDDB41 /* Pods-TikiTestTests.debug.xcconfig */ = {isa = PBXFileReference; includeInIndex = 1; lastKnownFileType = text.xcconfig; name = "Pods-TikiTestTests.debug.xcconfig"; path = "Pods/Target Support Files/Pods-TikiTestTests/Pods-TikiTestTests.debug.xcconfig"; sourceTree = "<group>"; };
		7AA9CCB4219A6F1700A020FB /* TikiTest.app */ = {isa = PBXFileReference; explicitFileType = wrapper.application; includeInIndex = 0; path = TikiTest.app; sourceTree = BUILT_PRODUCTS_DIR; };
		7AA9CCB7219A6F1700A020FB /* AppDelegate.swift */ = {isa = PBXFileReference; lastKnownFileType = sourcecode.swift; path = AppDelegate.swift; sourceTree = "<group>"; };
		7AA9CCB9219A6F1700A020FB /* ViewController.swift */ = {isa = PBXFileReference; lastKnownFileType = sourcecode.swift; path = ViewController.swift; sourceTree = "<group>"; };
		7AA9CCBC219A6F1700A020FB /* Base */ = {isa = PBXFileReference; lastKnownFileType = file.storyboard; name = Base; path = Base.lproj/Main.storyboard; sourceTree = "<group>"; };
		7AA9CCBE219A6F1800A020FB /* Assets.xcassets */ = {isa = PBXFileReference; lastKnownFileType = folder.assetcatalog; path = Assets.xcassets; sourceTree = "<group>"; };
		7AA9CCC1219A6F1800A020FB /* Base */ = {isa = PBXFileReference; lastKnownFileType = file.storyboard; name = Base; path = Base.lproj/LaunchScreen.storyboard; sourceTree = "<group>"; };
		7AA9CCC3219A6F1800A020FB /* Info.plist */ = {isa = PBXFileReference; lastKnownFileType = text.plist.xml; path = Info.plist; sourceTree = "<group>"; };
		7AA9CCC8219A6F1800A020FB /* TikiTestTests.xctest */ = {isa = PBXFileReference; explicitFileType = wrapper.cfbundle; includeInIndex = 0; path = TikiTestTests.xctest; sourceTree = BUILT_PRODUCTS_DIR; };
		7AA9CCCC219A6F1800A020FB /* TikiTestTests.swift */ = {isa = PBXFileReference; lastKnownFileType = sourcecode.swift; path = TikiTestTests.swift; sourceTree = "<group>"; };
		7AA9CCCE219A6F1800A020FB /* Info.plist */ = {isa = PBXFileReference; lastKnownFileType = text.plist.xml; path = Info.plist; sourceTree = "<group>"; };
		7AA9CCD3219A6F1800A020FB /* TikiTestUITests.xctest */ = {isa = PBXFileReference; explicitFileType = wrapper.cfbundle; includeInIndex = 0; path = TikiTestUITests.xctest; sourceTree = BUILT_PRODUCTS_DIR; };
		7AA9CCD7219A6F1800A020FB /* TikiTestUITests.swift */ = {isa = PBXFileReference; lastKnownFileType = sourcecode.swift; path = TikiTestUITests.swift; sourceTree = "<group>"; };
		7AA9CCD9219A6F1800A020FB /* Info.plist */ = {isa = PBXFileReference; lastKnownFileType = text.plist.xml; path = Info.plist; sourceTree = "<group>"; };
		834D638BF0DE08928DE53572 /* Pods-TikiTest.release.xcconfig */ = {isa = PBXFileReference; includeInIndex = 1; lastKnownFileType = text.xcconfig; name = "Pods-TikiTest.release.xcconfig"; path = "Pods/Target Support Files/Pods-TikiTest/Pods-TikiTest.release.xcconfig"; sourceTree = "<group>"; };
		98B808D097B9485AA3F354EA /* Pods-TikiTestUITests.release.xcconfig */ = {isa = PBXFileReference; includeInIndex = 1; lastKnownFileType = text.xcconfig; name = "Pods-TikiTestUITests.release.xcconfig"; path = "Pods/Target Support Files/Pods-TikiTestUITests/Pods-TikiTestUITests.release.xcconfig"; sourceTree = "<group>"; };
		B561E56FE9078478D9073094 /* Pods-TikiTest.debug.xcconfig */ = {isa = PBXFileReference; includeInIndex = 1; lastKnownFileType = text.xcconfig; name = "Pods-TikiTest.debug.xcconfig"; path = "Pods/Target Support Files/Pods-TikiTest/Pods-TikiTest.debug.xcconfig"; sourceTree = "<group>"; };
		C16DA25B5E15A0E734AF950E /* Pods_TikiTest.framework */ = {isa = PBXFileReference; explicitFileType = wrapper.framework; includeInIndex = 0; path = Pods_TikiTest.framework; sourceTree = BUILT_PRODUCTS_DIR; };
		D0EBD513B287CFD1E748F951 /* Pods-TikiTestUITests.debug.xcconfig */ = {isa = PBXFileReference; includeInIndex = 1; lastKnownFileType = text.xcconfig; name = "Pods-TikiTestUITests.debug.xcconfig"; path = "Pods/Target Support Files/Pods-TikiTestUITests/Pods-TikiTestUITests.debug.xcconfig"; sourceTree = "<group>"; };
		F7DA6C7F336E1FF14F2E3DBF /* Pods_TikiTestUITests.framework */ = {isa = PBXFileReference; explicitFileType = wrapper.framework; includeInIndex = 0; path = Pods_TikiTestUITests.framework; sourceTree = BUILT_PRODUCTS_DIR; };
/* End PBXFileReference section */

/* Begin PBXFrameworksBuildPhase section */
		7AA9CCB1219A6F1700A020FB /* Frameworks */ = {
			isa = PBXFrameworksBuildPhase;
			buildActionMask = 2147483647;
			files = (
				476EED16EC0EC4ECF080F1F9 /* Pods_TikiTest.framework in Frameworks */,
			);
			runOnlyForDeploymentPostprocessing = 0;
		};
		7AA9CCC5219A6F1800A020FB /* Frameworks */ = {
			isa = PBXFrameworksBuildPhase;
			buildActionMask = 2147483647;
			files = (
				34358CE6EA99640559A5548C /* Pods_TikiTestTests.framework in Frameworks */,
			);
			runOnlyForDeploymentPostprocessing = 0;
		};
		7AA9CCD0219A6F1800A020FB /* Frameworks */ = {
			isa = PBXFrameworksBuildPhase;
			buildActionMask = 2147483647;
			files = (
				ADC1250CDF03BB8B9D0F2151 /* Pods_TikiTestUITests.framework in Frameworks */,
			);
			runOnlyForDeploymentPostprocessing = 0;
		};
/* End PBXFrameworksBuildPhase section */

/* Begin PBXGroup section */
		2AA466675066E3057FE6C6CE /* Pods */ = {
			isa = PBXGroup;
			children = (
				B561E56FE9078478D9073094 /* Pods-TikiTest.debug.xcconfig */,
				834D638BF0DE08928DE53572 /* Pods-TikiTest.release.xcconfig */,
				7A06E456835C85B558CDDB41 /* Pods-TikiTestTests.debug.xcconfig */,
				52E50FD37251988921447C8A /* Pods-TikiTestTests.release.xcconfig */,
				D0EBD513B287CFD1E748F951 /* Pods-TikiTestUITests.debug.xcconfig */,
				98B808D097B9485AA3F354EA /* Pods-TikiTestUITests.release.xcconfig */,
			);
			name = Pods;
			sourceTree = "<group>";
		};
		7AA9CCAB219A6F1700A020FB = {
			isa = PBXGroup;
			children = (
				7AA9CCB6219A6F1700A020FB /* TikiTest */,
				7AA9CCCB219A6F1800A020FB /* TikiTestTests */,
				7AA9CCD6219A6F1800A020FB /* TikiTestUITests */,
				7AA9CCB5219A6F1700A020FB /* Products */,
				2AA466675066E3057FE6C6CE /* Pods */,
				A6CC1B2E6733766F7C47EC63 /* Frameworks */,
			);
			sourceTree = "<group>";
		};
		7AA9CCB5219A6F1700A020FB /* Products */ = {
			isa = PBXGroup;
			children = (
				7AA9CCB4219A6F1700A020FB /* TikiTest.app */,
				7AA9CCC8219A6F1800A020FB /* TikiTestTests.xctest */,
				7AA9CCD3219A6F1800A020FB /* TikiTestUITests.xctest */,
			);
			name = Products;
			sourceTree = "<group>";
		};
		7AA9CCB6219A6F1700A020FB /* TikiTest */ = {
			isa = PBXGroup;
			children = (
				7AA9CCB7219A6F1700A020FB /* AppDelegate.swift */,
				7AA9CCB9219A6F1700A020FB /* ViewController.swift */,
				7AA9CCBB219A6F1700A020FB /* Main.storyboard */,
				7AA9CCBE219A6F1800A020FB /* Assets.xcassets */,
				7AA9CCC0219A6F1800A020FB /* LaunchScreen.storyboard */,
				7AA9CCC3219A6F1800A020FB /* Info.plist */,
			);
			path = TikiTest;
			sourceTree = "<group>";
		};
		7AA9CCCB219A6F1800A020FB /* TikiTestTests */ = {
			isa = PBXGroup;
			children = (
				7AA9CCCC219A6F1800A020FB /* TikiTestTests.swift */,
				7AA9CCCE219A6F1800A020FB /* Info.plist */,
			);
			path = TikiTestTests;
			sourceTree = "<group>";
		};
		7AA9CCD6219A6F1800A020FB /* TikiTestUITests */ = {
			isa = PBXGroup;
			children = (
				7AA9CCD7219A6F1800A020FB /* TikiTestUITests.swift */,
				7AA9CCD9219A6F1800A020FB /* Info.plist */,
			);
			path = TikiTestUITests;
			sourceTree = "<group>";
		};
		A6CC1B2E6733766F7C47EC63 /* Frameworks */ = {
			isa = PBXGroup;
			children = (
				C16DA25B5E15A0E734AF950E /* Pods_TikiTest.framework */,
				196D22E06F23EDB725CFC992 /* Pods_TikiTestTests.framework */,
				F7DA6C7F336E1FF14F2E3DBF /* Pods_TikiTestUITests.framework */,
			);
			name = Frameworks;
			sourceTree = "<group>";
		};
/* End PBXGroup section */

/* Begin PBXNativeTarget section */
		7AA9CCB3219A6F1700A020FB /* TikiTest */ = {
			isa = PBXNativeTarget;
			buildConfigurationList = 7AA9CCDC219A6F1800A020FB /* Build configuration list for PBXNativeTarget "TikiTest" */;
			buildPhases = (
				3C45BA8F473B950C9BBE1979 /* [CP] Check Pods Manifest.lock */,
				7AA9CCB0219A6F1700A020FB /* Sources */,
				7AA9CCB1219A6F1700A020FB /* Frameworks */,
				7AA9CCB2219A6F1700A020FB /* Resources */,
			);
			buildRules = (
			);
			dependencies = (
			);
			name = TikiTest;
			productName = TikiTest;
			productReference = 7AA9CCB4219A6F1700A020FB /* TikiTest.app */;
			productType = "com.apple.product-type.application";
		};
		7AA9CCC7219A6F1800A020FB /* TikiTestTests */ = {
			isa = PBXNativeTarget;
			buildConfigurationList = 7AA9CCDF219A6F1800A020FB /* Build configuration list for PBXNativeTarget "TikiTestTests" */;
			buildPhases = (
				080829651FFD529685F2D7B6 /* [CP] Check Pods Manifest.lock */,
				7AA9CCC4219A6F1800A020FB /* Sources */,
				7AA9CCC5219A6F1800A020FB /* Frameworks */,
				7AA9CCC6219A6F1800A020FB /* Resources */,
			);
			buildRules = (
			);
			dependencies = (
				7AA9CCCA219A6F1800A020FB /* PBXTargetDependency */,
			);
			name = TikiTestTests;
			productName = TikiTestTests;
			productReference = 7AA9CCC8219A6F1800A020FB /* TikiTestTests.xctest */;
			productType = "com.apple.product-type.bundle.unit-test";
		};
		7AA9CCD2219A6F1800A020FB /* TikiTestUITests */ = {
			isa = PBXNativeTarget;
			buildConfigurationList = 7AA9CCE2219A6F1800A020FB /* Build configuration list for PBXNativeTarget "TikiTestUITests" */;
			buildPhases = (
				69A6F1060617AE3DB36623BD /* [CP] Check Pods Manifest.lock */,
				7AA9CCCF219A6F1800A020FB /* Sources */,
				7AA9CCD0219A6F1800A020FB /* Frameworks */,
				7AA9CCD1219A6F1800A020FB /* Resources */,
			);
			buildRules = (
			);
			dependencies = (
				7AA9CCD5219A6F1800A020FB /* PBXTargetDependency */,
			);
			name = TikiTestUITests;
			productName = TikiTestUITests;
			productReference = 7AA9CCD3219A6F1800A020FB /* TikiTestUITests.xctest */;
			productType = "com.apple.product-type.bundle.ui-testing";
		};
/* End PBXNativeTarget section */

/* Begin PBXProject section */
		7AA9CCAC219A6F1700A020FB /* Project object */ = {
			isa = PBXProject;
			attributes = {
				LastSwiftUpdateCheck = 0940;
				LastUpgradeCheck = 0940;
				ORGANIZATIONNAME = "Ho Trung Toan";
				TargetAttributes = {
					7AA9CCB3219A6F1700A020FB = {
						CreatedOnToolsVersion = 9.4.1;
					};
					7AA9CCC7219A6F1800A020FB = {
						CreatedOnToolsVersion = 9.4.1;
						TestTargetID = 7AA9CCB3219A6F1700A020FB;
					};
					7AA9CCD2219A6F1800A020FB = {
						CreatedOnToolsVersion = 9.4.1;
						TestTargetID = 7AA9CCB3219A6F1700A020FB;
					};
				};
			};
			buildConfigurationList = 7AA9CCAF219A6F1700A020FB /* Build configuration list for PBXProject "TikiTest" */;
			compatibilityVersion = "Xcode 9.3";
			developmentRegion = en;
			hasScannedForEncodings = 0;
			knownRegions = (
				en,
				Base,
			);
			mainGroup = 7AA9CCAB219A6F1700A020FB;
			productRefGroup = 7AA9CCB5219A6F1700A020FB /* Products */;
			projectDirPath = "";
			projectRoot = "";
			targets = (
				7AA9CCB3219A6F1700A020FB /* TikiTest */,
				7AA9CCC7219A6F1800A020FB /* TikiTestTests */,
				7AA9CCD2219A6F1800A020FB /* TikiTestUITests */,
			);
		};
/* End PBXProject section */

/* Begin PBXResourcesBuildPhase section */
		7AA9CCB2219A6F1700A020FB /* Resources */ = {
			isa = PBXResourcesBuildPhase;
			buildActionMask = 2147483647;
			files = (
				7AA9CCC2219A6F1800A020FB /* LaunchScreen.storyboard in Resources */,
				7AA9CCBF219A6F1800A020FB /* Assets.xcassets in Resources */,
				7AA9CCBD219A6F1700A020FB /* Main.storyboard in Resources */,
			);
			runOnlyForDeploymentPostprocessing = 0;
		};
		7AA9CCC6219A6F1800A020FB /* Resources */ = {
			isa = PBXResourcesBuildPhase;
			buildActionMask = 2147483647;
			files = (
			);
			runOnlyForDeploymentPostprocessing = 0;
		};
		7AA9CCD1219A6F1800A020FB /* Resources */ = {
			isa = PBXResourcesBuildPhase;
			buildActionMask = 2147483647;
			files = (
			);
			runOnlyForDeploymentPostprocessing = 0;
		};
/* End PBXResourcesBuildPhase section */

/* Begin PBXShellScriptBuildPhase section */
		080829651FFD529685F2D7B6 /* [CP] Check Pods Manifest.lock */ = {
			isa = PBXShellScriptBuildPhase;
			buildActionMask = 2147483647;
			files = (
			);
			inputPaths = (
				"${PODS_PODFILE_DIR_PATH}/Podfile.lock",
				"${PODS_ROOT}/Manifest.lock",
			);
			name = "[CP] Check Pods Manifest.lock";
			outputPaths = (
				"$(DERIVED_FILE_DIR)/Pods-TikiTestTests-checkManifestLockResult.txt",
			);
			runOnlyForDeploymentPostprocessing = 0;
			shellPath = /bin/sh;
			shellScript = "diff \"${PODS_PODFILE_DIR_PATH}/Podfile.lock\" \"${PODS_ROOT}/Manifest.lock\" > /dev/null\nif [ $? != 0 ] ; then\n    # print error to STDERR\n    echo \"error: The sandbox is not in sync with the Podfile.lock. Run 'pod install' or update your CocoaPods installation.\" >&2\n    exit 1\nfi\n# This output is used by Xcode 'outputs' to avoid re-running this script phase.\necho \"SUCCESS\" > \"${SCRIPT_OUTPUT_FILE_0}\"\n";
			showEnvVarsInLog = 0;
		};
		3C45BA8F473B950C9BBE1979 /* [CP] Check Pods Manifest.lock */ = {
			isa = PBXShellScriptBuildPhase;
			buildActionMask = 2147483647;
			files = (
			);
			inputPaths = (
				"${PODS_PODFILE_DIR_PATH}/Podfile.lock",
				"${PODS_ROOT}/Manifest.lock",
			);
			name = "[CP] Check Pods Manifest.lock";
			outputPaths = (
				"$(DERIVED_FILE_DIR)/Pods-TikiTest-checkManifestLockResult.txt",
			);
			runOnlyForDeploymentPostprocessing = 0;
			shellPath = /bin/sh;
			shellScript = "diff \"${PODS_PODFILE_DIR_PATH}/Podfile.lock\" \"${PODS_ROOT}/Manifest.lock\" > /dev/null\nif [ $? != 0 ] ; then\n    # print error to STDERR\n    echo \"error: The sandbox is not in sync with the Podfile.lock. Run 'pod install' or update your CocoaPods installation.\" >&2\n    exit 1\nfi\n# This output is used by Xcode 'outputs' to avoid re-running this script phase.\necho \"SUCCESS\" > \"${SCRIPT_OUTPUT_FILE_0}\"\n";
			showEnvVarsInLog = 0;
		};
		69A6F1060617AE3DB36623BD /* [CP] Check Pods Manifest.lock */ = {
			isa = PBXShellScriptBuildPhase;
			buildActionMask = 2147483647;
			files = (
			);
			inputPaths = (
				"${PODS_PODFILE_DIR_PATH}/Podfile.lock",
				"${PODS_ROOT}/Manifest.lock",
			);
			name = "[CP] Check Pods Manifest.lock";
			outputPaths = (
				"$(DERIVED_FILE_DIR)/Pods-TikiTestUITests-checkManifestLockResult.txt",
			);
			runOnlyForDeploymentPostprocessing = 0;
			shellPath = /bin/sh;
			shellScript = "diff \"${PODS_PODFILE_DIR_PATH}/Podfile.lock\" \"${PODS_ROOT}/Manifest.lock\" > /dev/null\nif [ $? != 0 ] ; then\n    # print error to STDERR\n    echo \"error: The sandbox is not in sync with the Podfile.lock. Run 'pod install' or update your CocoaPods installation.\" >&2\n    exit 1\nfi\n# This output is used by Xcode 'outputs' to avoid re-running this script phase.\necho \"SUCCESS\" > \"${SCRIPT_OUTPUT_FILE_0}\"\n";
			showEnvVarsInLog = 0;
		};
/* End PBXShellScriptBuildPhase section */

/* Begin PBXSourcesBuildPhase section */
		7AA9CCB0219A6F1700A020FB /* Sources */ = {
			isa = PBXSourcesBuildPhase;
			buildActionMask = 2147483647;
			files = (
				7AA9CCBA219A6F1700A020FB /* ViewController.swift in Sources */,
				7AA9CCB8219A6F1700A020FB /* AppDelegate.swift in Sources */,
			);
			runOnlyForDeploymentPostprocessing = 0;
		};
		7AA9CCC4219A6F1800A020FB /* Sources */ = {
			isa = PBXSourcesBuildPhase;
			buildActionMask = 2147483647;
			files = (
				7AA9CCCD219A6F1800A020FB /* TikiTestTests.swift in Sources */,
			);
			runOnlyForDeploymentPostprocessing = 0;
		};
		7AA9CCCF219A6F1800A020FB /* Sources */ = {
			isa = PBXSourcesBuildPhase;
			buildActionMask = 2147483647;
			files = (
				7AA9CCD8219A6F1800A020FB /* TikiTestUITests.swift in Sources */,
			);
			runOnlyForDeploymentPostprocessing = 0;
		};
/* End PBXSourcesBuildPhase section */

/* Begin PBXTargetDependency section */
		7AA9CCCA219A6F1800A020FB /* PBXTargetDependency */ = {
			isa = PBXTargetDependency;
			target = 7AA9CCB3219A6F1700A020FB /* TikiTest */;
			targetProxy = 7AA9CCC9219A6F1800A020FB /* PBXContainerItemProxy */;
		};
		7AA9CCD5219A6F1800A020FB /* PBXTargetDependency */ = {
			isa = PBXTargetDependency;
			target = 7AA9CCB3219A6F1700A020FB /* TikiTest */;
			targetProxy = 7AA9CCD4219A6F1800A020FB /* PBXContainerItemProxy */;
		};
/* End PBXTargetDependency section */

/* Begin PBXVariantGroup section */
		7AA9CCBB219A6F1700A020FB /* Main.storyboard */ = {
			isa = PBXVariantGroup;
			children = (
				7AA9CCBC219A6F1700A020FB /* Base */,
			);
			name = Main.storyboard;
			sourceTree = "<group>";
		};
		7AA9CCC0219A6F1800A020FB /* LaunchScreen.storyboard */ = {
			isa = PBXVariantGroup;
			children = (
				7AA9CCC1219A6F1800A020FB /* Base */,
			);
			name = LaunchScreen.storyboard;
			sourceTree = "<group>";
		};
/* End PBXVariantGroup section */

/* Begin XCBuildConfiguration section */
		7AA9CCDA219A6F1800A020FB /* Debug */ = {
			isa = XCBuildConfiguration;
			buildSettings = {
				ALWAYS_SEARCH_USER_PATHS = NO;
				CLANG_ANALYZER_NONNULL = YES;
				CLANG_ANALYZER_NUMBER_OBJECT_CONVERSION = YES_AGGRESSIVE;
				CLANG_CXX_LANGUAGE_STANDARD = "gnu++14";
				CLANG_CXX_LIBRARY = "libc++";
				CLANG_ENABLE_MODULES = YES;
				CLANG_ENABLE_OBJC_ARC = YES;
				CLANG_ENABLE_OBJC_WEAK = YES;
				CLANG_WARN_BLOCK_CAPTURE_AUTORELEASING = YES;
				CLANG_WARN_BOOL_CONVERSION = YES;
				CLANG_WARN_COMMA = YES;
				CLANG_WARN_CONSTANT_CONVERSION = YES;
				CLANG_WARN_DEPRECATED_OBJC_IMPLEMENTATIONS = YES;
				CLANG_WARN_DIRECT_OBJC_ISA_USAGE = YES_ERROR;
				CLANG_WARN_DOCUMENTATION_COMMENTS = YES;
				CLANG_WARN_EMPTY_BODY = YES;
				CLANG_WARN_ENUM_CONVERSION = YES;
				CLANG_WARN_INFINITE_RECURSION = YES;
				CLANG_WARN_INT_CONVERSION = YES;
				CLANG_WARN_NON_LITERAL_NULL_CONVERSION = YES;
				CLANG_WARN_OBJC_IMPLICIT_RETAIN_SELF = YES;
				CLANG_WARN_OBJC_LITERAL_CONVERSION = YES;
				CLANG_WARN_OBJC_ROOT_CLASS = YES_ERROR;
				CLANG_WARN_RANGE_LOOP_ANALYSIS = YES;
				CLANG_WARN_STRICT_PROTOTYPES = YES;
				CLANG_WARN_SUSPICIOUS_MOVE = YES;
				CLANG_WARN_UNGUARDED_AVAILABILITY = YES_AGGRESSIVE;
				CLANG_WARN_UNREACHABLE_CODE = YES;
				CLANG_WARN__DUPLICATE_METHOD_MATCH = YES;
				CODE_SIGN_IDENTITY = "iPhone Developer";
				COPY_PHASE_STRIP = NO;
				DEBUG_INFORMATION_FORMAT = dwarf;
				ENABLE_STRICT_OBJC_MSGSEND = YES;
				ENABLE_TESTABILITY = YES;
				GCC_C_LANGUAGE_STANDARD = gnu11;
				GCC_DYNAMIC_NO_PIC = NO;
				GCC_NO_COMMON_BLOCKS = YES;
				GCC_OPTIMIZATION_LEVEL = 0;
				GCC_PREPROCESSOR_DEFINITIONS = (
					"DEBUG=1",
					"$(inherited)",
				);
				GCC_WARN_64_TO_32_BIT_CONVERSION = YES;
				GCC_WARN_ABOUT_RETURN_TYPE = YES_ERROR;
				GCC_WARN_UNDECLARED_SELECTOR = YES;
				GCC_WARN_UNINITIALIZED_AUTOS = YES_AGGRESSIVE;
				GCC_WARN_UNUSED_FUNCTION = YES;
				GCC_WARN_UNUSED_VARIABLE = YES;
				IPHONEOS_DEPLOYMENT_TARGET = 11.4;
				MTL_ENABLE_DEBUG_INFO = YES;
				ONLY_ACTIVE_ARCH = YES;
				SDKROOT = iphoneos;
				SWIFT_ACTIVE_COMPILATION_CONDITIONS = DEBUG;
				SWIFT_OPTIMIZATION_LEVEL = "-Onone";
			};
			name = Debug;
		};
		7AA9CCDB219A6F1800A020FB /* Release */ = {
			isa = XCBuildConfiguration;
			buildSettings = {
				ALWAYS_SEARCH_USER_PATHS = NO;
				CLANG_ANALYZER_NONNULL = YES;
				CLANG_ANALYZER_NUMBER_OBJECT_CONVERSION = YES_AGGRESSIVE;
				CLANG_CXX_LANGUAGE_STANDARD = "gnu++14";
				CLANG_CXX_LIBRARY = "libc++";
				CLANG_ENABLE_MODULES = YES;
				CLANG_ENABLE_OBJC_ARC = YES;
				CLANG_ENABLE_OBJC_WEAK = YES;
				CLANG_WARN_BLOCK_CAPTURE_AUTORELEASING = YES;
				CLANG_WARN_BOOL_CONVERSION = YES;
				CLANG_WARN_COMMA = YES;
				CLANG_WARN_CONSTANT_CONVERSION = YES;
				CLANG_WARN_DEPRECATED_OBJC_IMPLEMENTATIONS = YES;
				CLANG_WARN_DIRECT_OBJC_ISA_USAGE = YES_ERROR;
				CLANG_WARN_DOCUMENTATION_COMMENTS = YES;
				CLANG_WARN_EMPTY_BODY = YES;
				CLANG_WARN_ENUM_CONVERSION = YES;
				CLANG_WARN_INFINITE_RECURSION = YES;
				CLANG_WARN_INT_CONVERSION = YES;
				CLANG_WARN_NON_LITERAL_NULL_CONVERSION = YES;
				CLANG_WARN_OBJC_IMPLICIT_RETAIN_SELF = YES;
				CLANG_WARN_OBJC_LITERAL_CONVERSION = YES;
				CLANG_WARN_OBJC_ROOT_CLASS = YES_ERROR;
				CLANG_WARN_RANGE_LOOP_ANALYSIS = YES;
				CLANG_WARN_STRICT_PROTOTYPES = YES;
				CLANG_WARN_SUSPICIOUS_MOVE = YES;
				CLANG_WARN_UNGUARDED_AVAILABILITY = YES_AGGRESSIVE;
				CLANG_WARN_UNREACHABLE_CODE = YES;
				CLANG_WARN__DUPLICATE_METHOD_MATCH = YES;
				CODE_SIGN_IDENTITY = "iPhone Developer";
				COPY_PHASE_STRIP = NO;
				DEBUG_INFORMATION_FORMAT = "dwarf-with-dsym";
				ENABLE_NS_ASSERTIONS = NO;
				ENABLE_STRICT_OBJC_MSGSEND = YES;
				GCC_C_LANGUAGE_STANDARD = gnu11;
				GCC_NO_COMMON_BLOCKS = YES;
				GCC_WARN_64_TO_32_BIT_CONVERSION = YES;
				GCC_WARN_ABOUT_RETURN_TYPE = YES_ERROR;
				GCC_WARN_UNDECLARED_SELECTOR = YES;
				GCC_WARN_UNINITIALIZED_AUTOS = YES_AGGRESSIVE;
				GCC_WARN_UNUSED_FUNCTION = YES;
				GCC_WARN_UNUSED_VARIABLE = YES;
				IPHONEOS_DEPLOYMENT_TARGET = 11.4;
				MTL_ENABLE_DEBUG_INFO = NO;
				SDKROOT = iphoneos;
				SWIFT_COMPILATION_MODE = wholemodule;
				SWIFT_OPTIMIZATION_LEVEL = "-O";
				VALIDATE_PRODUCT = YES;
			};
			name = Release;
		};
		7AA9CCDD219A6F1800A020FB /* Debug */ = {
			isa = XCBuildConfiguration;
			baseConfigurationReference = B561E56FE9078478D9073094 /* Pods-TikiTest.debug.xcconfig */;
			buildSettings = {
				ASSETCATALOG_COMPILER_APPICON_NAME = AppIcon;
				CODE_SIGN_STYLE = Automatic;
				DEVELOPMENT_TEAM = WRRHGJLS4F;
				INFOPLIST_FILE = TikiTest/Info.plist;
				LD_RUNPATH_SEARCH_PATHS = "$(inherited) @executable_path/Frameworks";
				PRODUCT_BUNDLE_IDENTIFIER = com.HoTrungToan.TikiTest;
				PRODUCT_NAME = "$(TARGET_NAME)";
				SWIFT_VERSION = 4.0;
				TARGETED_DEVICE_FAMILY = "1,2";
			};
			name = Debug;
		};
		7AA9CCDE219A6F1800A020FB /* Release */ = {
			isa = XCBuildConfiguration;
			baseConfigurationReference = 834D638BF0DE08928DE53572 /* Pods-TikiTest.release.xcconfig */;
			buildSettings = {
				ASSETCATALOG_COMPILER_APPICON_NAME = AppIcon;
				CODE_SIGN_STYLE = Automatic;
				DEVELOPMENT_TEAM = WRRHGJLS4F;
				INFOPLIST_FILE = TikiTest/Info.plist;
				LD_RUNPATH_SEARCH_PATHS = "$(inherited) @executable_path/Frameworks";
				PRODUCT_BUNDLE_IDENTIFIER = com.HoTrungToan.TikiTest;
				PRODUCT_NAME = "$(TARGET_NAME)";
				SWIFT_VERSION = 4.0;
				TARGETED_DEVICE_FAMILY = "1,2";
			};
			name = Release;
		};
		7AA9CCE0219A6F1800A020FB /* Debug */ = {
			isa = XCBuildConfiguration;
			baseConfigurationReference = 7A06E456835C85B558CDDB41 /* Pods-TikiTestTests.debug.xcconfig */;
			buildSettings = {
				ALWAYS_EMBED_SWIFT_STANDARD_LIBRARIES = YES;
				BUNDLE_LOADER = "$(TEST_HOST)";
				CODE_SIGN_STYLE = Automatic;
				DEVELOPMENT_TEAM = WRRHGJLS4F;
				INFOPLIST_FILE = TikiTestTests/Info.plist;
				LD_RUNPATH_SEARCH_PATHS = "$(inherited) @executable_path/Frameworks @loader_path/Frameworks";
				PRODUCT_BUNDLE_IDENTIFIER = com.HoTrungToan.TikiTestTests;
				PRODUCT_NAME = "$(TARGET_NAME)";
				SWIFT_VERSION = 4.0;
				TARGETED_DEVICE_FAMILY = "1,2";
				TEST_HOST = "$(BUILT_PRODUCTS_DIR)/TikiTest.app/TikiTest";
			};
			name = Debug;
		};
		7AA9CCE1219A6F1800A020FB /* Release */ = {
			isa = XCBuildConfiguration;
			baseConfigurationReference = 52E50FD37251988921447C8A /* Pods-TikiTestTests.release.xcconfig */;
			buildSettings = {
				ALWAYS_EMBED_SWIFT_STANDARD_LIBRARIES = YES;
				BUNDLE_LOADER = "$(TEST_HOST)";
				CODE_SIGN_STYLE = Automatic;
				DEVELOPMENT_TEAM = WRRHGJLS4F;
				INFOPLIST_FILE = TikiTestTests/Info.plist;
				LD_RUNPATH_SEARCH_PATHS = "$(inherited) @executable_path/Frameworks @loader_path/Frameworks";
				PRODUCT_BUNDLE_IDENTIFIER = com.HoTrungToan.TikiTestTests;
				PRODUCT_NAME = "$(TARGET_NAME)";
				SWIFT_VERSION = 4.0;
				TARGETED_DEVICE_FAMILY = "1,2";
				TEST_HOST = "$(BUILT_PRODUCTS_DIR)/TikiTest.app/TikiTest";
			};
			name = Release;
		};
		7AA9CCE3219A6F1800A020FB /* Debug */ = {
			isa = XCBuildConfiguration;
			baseConfigurationReference = D0EBD513B287CFD1E748F951 /* Pods-TikiTestUITests.debug.xcconfig */;
			buildSettings = {
				ALWAYS_EMBED_SWIFT_STANDARD_LIBRARIES = YES;
				CODE_SIGN_STYLE = Automatic;
				DEVELOPMENT_TEAM = WRRHGJLS4F;
				INFOPLIST_FILE = TikiTestUITests/Info.plist;
				LD_RUNPATH_SEARCH_PATHS = "$(inherited) @executable_path/Frameworks @loader_path/Frameworks";
				PRODUCT_BUNDLE_IDENTIFIER = com.HoTrungToan.TikiTestUITests;
				PRODUCT_NAME = "$(TARGET_NAME)";
				SWIFT_VERSION = 4.0;
				TARGETED_DEVICE_FAMILY = "1,2";
				TEST_TARGET_NAME = TikiTest;
			};
			name = Debug;
		};
		7AA9CCE4219A6F1800A020FB /* Release */ = {
			isa = XCBuildConfiguration;
			baseConfigurationReference = 98B808D097B9485AA3F354EA /* Pods-TikiTestUITests.release.xcconfig */;
			buildSettings = {
				ALWAYS_EMBED_SWIFT_STANDARD_LIBRARIES = YES;
				CODE_SIGN_STYLE = Automatic;
				DEVELOPMENT_TEAM = WRRHGJLS4F;
				INFOPLIST_FILE = TikiTestUITests/Info.plist;
				LD_RUNPATH_SEARCH_PATHS = "$(inherited) @executable_path/Frameworks @loader_path/Frameworks";
				PRODUCT_BUNDLE_IDENTIFIER = com.HoTrungToan.TikiTestUITests;
				PRODUCT_NAME = "$(TARGET_NAME)";
				SWIFT_VERSION = 4.0;
				TARGETED_DEVICE_FAMILY = "1,2";
				TEST_TARGET_NAME = TikiTest;
			};
			name = Release;
		};
/* End XCBuildConfiguration section */

/* Begin XCConfigurationList section */
		7AA9CCAF219A6F1700A020FB /* Build configuration list for PBXProject "TikiTest" */ = {
			isa = XCConfigurationList;
			buildConfigurations = (
				7AA9CCDA219A6F1800A020FB /* Debug */,
				7AA9CCDB219A6F1800A020FB /* Release */,
			);
			defaultConfigurationIsVisible = 0;
			defaultConfigurationName = Release;
		};
		7AA9CCDC219A6F1800A020FB /* Build configuration list for PBXNativeTarget "TikiTest" */ = {
			isa = XCConfigurationList;
			buildConfigurations = (
				7AA9CCDD219A6F1800A020FB /* Debug */,
				7AA9CCDE219A6F1800A020FB /* Release */,
			);
			defaultConfigurationIsVisible = 0;
			defaultConfigurationName = Release;
		};
		7AA9CCDF219A6F1800A020FB /* Build configuration list for PBXNativeTarget "TikiTestTests" */ = {
			isa = XCConfigurationList;
			buildConfigurations = (
				7AA9CCE0219A6F1800A020FB /* Debug */,
				7AA9CCE1219A6F1800A020FB /* Release */,
			);
			defaultConfigurationIsVisible = 0;
			defaultConfigurationName = Release;
		};
		7AA9CCE2219A6F1800A020FB /* Build configuration list for PBXNativeTarget "TikiTestUITests" */ = {
			isa = XCConfigurationList;
			buildConfigurations = (
				7AA9CCE3219A6F1800A020FB /* Debug */,
				7AA9CCE4219A6F1800A020FB /* Release */,
			);
			defaultConfigurationIsVisible = 0;
			defaultConfigurationName = Release;
		};
/* End XCConfigurationList section */
	};
	rootObject = 7AA9CCAC219A6F1700A020FB /* Project object */;
}
